
Microsoft Visual Studio Solution File, Format Version 12.00
# Visual Studio Version 17
VisualStudioVersion = 17.0.31903.59
MinimumVisualStudioVersion = 10.0.40219.1
Project("{FAE04EC0-301F-11D3-BF4B-00C04F79EFBC}") = "Exercise1", "Exercise1\Exercise1.csproj", "{F8DE5E0F-2B8E-4740-90A7-7AF904B3FBD2}"
EndProject
Project("{FAE04EC0-301F-11D3-BF4B-00C04F79EFBC}") = "Exercise2", "Exercise2\Exercise2.csproj", "{990A7482-573D-4A0D-B51C-3DF2B2196A8A}"
EndProject
Project("{FAE04EC0-301F-11D3-BF4B-00C04F79EFBC}") = "Exercise4", "Exercise4\Exercise4.csproj", "{CCA47F71-40AE-4B2C-98E1-A4433D04FE7A}"
EndProject
Project("{9A19103F-16F7-4668-BE54-9A1E7A4F7556}") = "Exercise 3", "Exercise 3\Exercise 3.csproj", "{900EC261-B747-4DD9-9C5C-80296AB97FAD}"
EndProject
Project("{9A19103F-16F7-4668-BE54-9A1E7A4F7556}") = "Exercise 5", "Exercise 5\Exercise 5.csproj", "{C62D1959-2861-46DA-9E4E-21362DF139D9}"
EndProject
Project("{9A19103F-16F7-4668-BE54-9A1E7A4F7556}") = "Exercise 6", "Exercise 6\Exercise 6.csproj", "{F35F7A25-A2F2-4FDA-9B4D-4A881939087E}"
EndProject
Project("{9A19103F-16F7-4668-BE54-9A1E7A4F7556}") = "Exercise 7", "Exercise 7\Exercise 7.csproj", "{0BFA80D2-CF25-4F20-AF46-AF46FE80DC53}"
EndProject
Project("{FAE04EC0-301F-11D3-BF4B-00C04F79EFBC}") = "Exercise8", "Exercise8\Exercise8.csproj", "{2A68E7A1-0138-428D-B866-D2C72FF2CD54}"
EndProject
Project("{FAE04EC0-301F-11D3-BF4B-00C04F79EFBC}") = "Exercise 9", "Exercise 9\Exercise 9.csproj", "{8C07E0EB-EDCB-4986-87C7-9195AD342C96}"
EndProject
Project("{FAE04EC0-301F-11D3-BF4B-00C04F79EFBC}") = "Exercise 10", "Exercise 10\Exercise 10.csproj", "{C30E3ADA-D46A-427B-BE72-7193D13EECE1}"
EndProject
Project("{FAE04EC0-301F-11D3-BF4B-00C04F79EFBC}") = "Exercise 11", "Exercise 11\Exercise 11.csproj", "{BF135A20-F4F4-445A-9976-553A8D59C240}"
EndProject
Global
	GlobalSection(SolutionConfigurationPlatforms) = preSolution
		Debug|Any CPU = Debug|Any CPU
		Release|Any CPU = Release|Any CPU
	EndGlobalSection
	GlobalSection(ProjectConfigurationPlatforms) = postSolution
		{F8DE5E0F-2B8E-4740-90A7-7AF904B3FBD2}.Debug|Any CPU.ActiveCfg = Debug|Any CPU
		{F8DE5E0F-2B8E-4740-90A7-7AF904B3FBD2}.Debug|Any CPU.Build.0 = Debug|Any CPU
		{F8DE5E0F-2B8E-4740-90A7-7AF904B3FBD2}.Release|Any CPU.ActiveCfg = Release|Any CPU
		{F8DE5E0F-2B8E-4740-90A7-7AF904B3FBD2}.Release|Any CPU.Build.0 = Release|Any CPU
		{990A7482-573D-4A0D-B51C-3DF2B2196A8A}.Debug|Any CPU.ActiveCfg = Debug|Any CPU
		{990A7482-573D-4A0D-B51C-3DF2B2196A8A}.Debug|Any CPU.Build.0 = Debug|Any CPU
		{990A7482-573D-4A0D-B51C-3DF2B2196A8A}.Release|Any CPU.ActiveCfg = Release|Any CPU
		{990A7482-573D-4A0D-B51C-3DF2B2196A8A}.Release|Any CPU.Build.0 = Release|Any CPU
		{CCA47F71-40AE-4B2C-98E1-A4433D04FE7A}.Debug|Any CPU.ActiveCfg = Debug|Any CPU
		{CCA47F71-40AE-4B2C-98E1-A4433D04FE7A}.Debug|Any CPU.Build.0 = Debug|Any CPU
		{CCA47F71-40AE-4B2C-98E1-A4433D04FE7A}.Release|Any CPU.ActiveCfg = Release|Any CPU
		{CCA47F71-40AE-4B2C-98E1-A4433D04FE7A}.Release|Any CPU.Build.0 = Release|Any CPU
		{900EC261-B747-4DD9-9C5C-80296AB97FAD}.Debug|Any CPU.ActiveCfg = Debug|Any CPU
		{900EC261-B747-4DD9-9C5C-80296AB97FAD}.Debug|Any CPU.Build.0 = Debug|Any CPU
		{900EC261-B747-4DD9-9C5C-80296AB97FAD}.Release|Any CPU.ActiveCfg = Release|Any CPU
		{900EC261-B747-4DD9-9C5C-80296AB97FAD}.Release|Any CPU.Build.0 = Release|Any CPU
		{C62D1959-2861-46DA-9E4E-21362DF139D9}.Debug|Any CPU.ActiveCfg = Debug|Any CPU
		{C62D1959-2861-46DA-9E4E-21362DF139D9}.Debug|Any CPU.Build.0 = Debug|Any CPU
		{C62D1959-2861-46DA-9E4E-21362DF139D9}.Release|Any CPU.ActiveCfg = Release|Any CPU
		{C62D1959-2861-46DA-9E4E-21362DF139D9}.Release|Any CPU.Build.0 = Release|Any CPU
		{F35F7A25-A2F2-4FDA-9B4D-4A881939087E}.Debug|Any CPU.ActiveCfg = Debug|Any CPU
		{F35F7A25-A2F2-4FDA-9B4D-4A881939087E}.Debug|Any CPU.Build.0 = Debug|Any CPU
		{F35F7A25-A2F2-4FDA-9B4D-4A881939087E}.Release|Any CPU.ActiveCfg = Release|Any CPU
		{F35F7A25-A2F2-4FDA-9B4D-4A881939087E}.Release|Any CPU.Build.0 = Release|Any CPU
		{0BFA80D2-CF25-4F20-AF46-AF46FE80DC53}.Debug|Any CPU.ActiveCfg = Debug|Any CPU
		{0BFA80D2-CF25-4F20-AF46-AF46FE80DC53}.Debug|Any CPU.Build.0 = Debug|Any CPU
		{0BFA80D2-CF25-4F20-AF46-AF46FE80DC53}.Release|Any CPU.ActiveCfg = Release|Any CPU
		{0BFA80D2-CF25-4F20-AF46-AF46FE80DC53}.Release|Any CPU.Build.0 = Release|Any CPU
		{2A68E7A1-0138-428D-B866-D2C72FF2CD54}.Debug|Any CPU.ActiveCfg = Debug|Any CPU
		{2A68E7A1-0138-428D-B866-D2C72FF2CD54}.Debug|Any CPU.Build.0 = Debug|Any CPU
		{2A68E7A1-0138-428D-B866-D2C72FF2CD54}.Release|Any CPU.ActiveCfg = Release|Any CPU
		{2A68E7A1-0138-428D-B866-D2C72FF2CD54}.Release|Any CPU.Build.0 = Release|Any CPU
		{8C07E0EB-EDCB-4986-87C7-9195AD342C96}.Debug|Any CPU.ActiveCfg = Debug|Any CPU
		{8C07E0EB-EDCB-4986-87C7-9195AD342C96}.Debug|Any CPU.Build.0 = Debug|Any CPU
		{8C07E0EB-EDCB-4986-87C7-9195AD342C96}.Release|Any CPU.ActiveCfg = Release|Any CPU
		{8C07E0EB-EDCB-4986-87C7-9195AD342C96}.Release|Any CPU.Build.0 = Release|Any CPU
		{C30E3ADA-D46A-427B-BE72-7193D13EECE1}.Debug|Any CPU.ActiveCfg = Debug|Any CPU
		{C30E3ADA-D46A-427B-BE72-7193D13EECE1}.Debug|Any CPU.Build.0 = Debug|Any CPU
		{C30E3ADA-D46A-427B-BE72-7193D13EECE1}.Release|Any CPU.ActiveCfg = Release|Any CPU
		{C30E3ADA-D46A-427B-BE72-7193D13EECE1}.Release|Any CPU.Build.0 = Release|Any CPU
		{BF135A20-F4F4-445A-9976-553A8D59C240}.Debug|Any CPU.ActiveCfg = Debug|Any CPU
		{BF135A20-F4F4-445A-9976-553A8D59C240}.Debug|Any CPU.Build.0 = Debug|Any CPU
		{BF135A20-F4F4-445A-9976-553A8D59C240}.Release|Any CPU.ActiveCfg = Release|Any CPU
		{BF135A20-F4F4-445A-9976-553A8D59C240}.Release|Any CPU.Build.0 = Release|Any CPU
	EndGlobalSection
	GlobalSection(SolutionProperties) = preSolution
		HideSolutionNode = FALSE
	EndGlobalSection
	GlobalSection(ExtensibilityGlobals) = postSolution
		SolutionGuid = {9E2B805A-E209-4714-AE87-3C7317951F1D}
	EndGlobalSection
EndGlobal
