
Microsoft Visual Studio Solution File, Format Version 12.00
# Visual Studio Version 17
VisualStudioVersion = 17.4.33213.308
MinimumVisualStudioVersion = 10.0.40219.1
Project("{FAE04EC0-301F-11D3-BF4B-00C04F79EFBC}") = "CalculateArea", "CalculateArea\CalculateArea.csproj", "{6764DB75-045A-462A-896D-E7150A08DE85}"
EndProject
Project("{FAE04EC0-301F-11D3-BF4B-00C04F79EFBC}") = "GravityCalculator", "GravityCalculator\GravityCalculator.csproj", "{21B4C2ED-21D7-4F86-9A72-FCAD10DE578E}"
EndProject
Project("{9A19103F-16F7-4668-BE54-9A1E7A4F7556}") = "SumAverageRunningInt", "SumAverageRunningInt\SumAverageRunningInt.csproj", "{3A626440-B412-47F6-A2D2-2330B1840FD6}"
EndProject
Project("{9A19103F-16F7-4668-BE54-9A1E7A4F7556}") = "Exercise-8", "Exercise-8\Exercise-8.csproj", "{46F3130C-2CA0-4A5C-B3C7-FDD640A6AA15}"
EndProject
Project("{FAE04EC0-301F-11D3-BF4B-00C04F79EFBC}") = "Exercise-1", "Exercise-1\Exercise-1.csproj", "{BF36F42C-8135-4BCB-948E-E0AF9DE749C7}"
EndProject
Project("{FAE04EC0-301F-11D3-BF4B-00C04F79EFBC}") = "Exercise-2", "Exercise-2\Exercise-2.csproj", "{A5DC7E77-D753-40A1-BC47-1A670D080171}"
EndProject
Project("{FAE04EC0-301F-11D3-BF4B-00C04F79EFBC}") = "Exercise-4", "Exercise-3\Exercise-4.csproj", "{BC454049-147C-4BB0-9EF1-E63C134B3665}"
EndProject
Project("{FAE04EC0-301F-11D3-BF4B-00C04F79EFBC}") = "Exercise-5", "Exercise-5\Exercise-5.csproj", "{92F84139-1139-43D4-963D-A4E29D902C8C}"
EndProject
Project("{FAE04EC0-301F-11D3-BF4B-00C04F79EFBC}") = "exercise-6", "exercise-6\exercise-6.csproj", "{51C3C102-5BB2-4C10-9430-A7E61AC9CC5F}"
EndProject
Global
	GlobalSection(SolutionConfigurationPlatforms) = preSolution
		Debug|Any CPU = Debug|Any CPU
		Release|Any CPU = Release|Any CPU
	EndGlobalSection
	GlobalSection(ProjectConfigurationPlatforms) = postSolution
		{6764DB75-045A-462A-896D-E7150A08DE85}.Debug|Any CPU.ActiveCfg = Debug|Any CPU
		{6764DB75-045A-462A-896D-E7150A08DE85}.Debug|Any CPU.Build.0 = Debug|Any CPU
		{6764DB75-045A-462A-896D-E7150A08DE85}.Release|Any CPU.ActiveCfg = Release|Any CPU
		{6764DB75-045A-462A-896D-E7150A08DE85}.Release|Any CPU.Build.0 = Release|Any CPU
		{21B4C2ED-21D7-4F86-9A72-FCAD10DE578E}.Debug|Any CPU.ActiveCfg = Debug|Any CPU
		{21B4C2ED-21D7-4F86-9A72-FCAD10DE578E}.Debug|Any CPU.Build.0 = Debug|Any CPU
		{21B4C2ED-21D7-4F86-9A72-FCAD10DE578E}.Release|Any CPU.ActiveCfg = Release|Any CPU
		{21B4C2ED-21D7-4F86-9A72-FCAD10DE578E}.Release|Any CPU.Build.0 = Release|Any CPU
		{3A626440-B412-47F6-A2D2-2330B1840FD6}.Debug|Any CPU.ActiveCfg = Debug|Any CPU
		{3A626440-B412-47F6-A2D2-2330B1840FD6}.Debug|Any CPU.Build.0 = Debug|Any CPU
		{3A626440-B412-47F6-A2D2-2330B1840FD6}.Release|Any CPU.ActiveCfg = Release|Any CPU
		{3A626440-B412-47F6-A2D2-2330B1840FD6}.Release|Any CPU.Build.0 = Release|Any CPU
		{46F3130C-2CA0-4A5C-B3C7-FDD640A6AA15}.Debug|Any CPU.ActiveCfg = Debug|Any CPU
		{46F3130C-2CA0-4A5C-B3C7-FDD640A6AA15}.Debug|Any CPU.Build.0 = Debug|Any CPU
		{46F3130C-2CA0-4A5C-B3C7-FDD640A6AA15}.Release|Any CPU.ActiveCfg = Release|Any CPU
		{46F3130C-2CA0-4A5C-B3C7-FDD640A6AA15}.Release|Any CPU.Build.0 = Release|Any CPU
		{BF36F42C-8135-4BCB-948E-E0AF9DE749C7}.Debug|Any CPU.ActiveCfg = Debug|Any CPU
		{BF36F42C-8135-4BCB-948E-E0AF9DE749C7}.Debug|Any CPU.Build.0 = Debug|Any CPU
		{BF36F42C-8135-4BCB-948E-E0AF9DE749C7}.Release|Any CPU.ActiveCfg = Release|Any CPU
		{BF36F42C-8135-4BCB-948E-E0AF9DE749C7}.Release|Any CPU.Build.0 = Release|Any CPU
		{A5DC7E77-D753-40A1-BC47-1A670D080171}.Debug|Any CPU.ActiveCfg = Debug|Any CPU
		{A5DC7E77-D753-40A1-BC47-1A670D080171}.Debug|Any CPU.Build.0 = Debug|Any CPU
		{A5DC7E77-D753-40A1-BC47-1A670D080171}.Release|Any CPU.ActiveCfg = Release|Any CPU
		{A5DC7E77-D753-40A1-BC47-1A670D080171}.Release|Any CPU.Build.0 = Release|Any CPU
		{BC454049-147C-4BB0-9EF1-E63C134B3665}.Debug|Any CPU.ActiveCfg = Debug|Any CPU
		{BC454049-147C-4BB0-9EF1-E63C134B3665}.Debug|Any CPU.Build.0 = Debug|Any CPU
		{BC454049-147C-4BB0-9EF1-E63C134B3665}.Release|Any CPU.ActiveCfg = Release|Any CPU
		{BC454049-147C-4BB0-9EF1-E63C134B3665}.Release|Any CPU.Build.0 = Release|Any CPU
		{92F84139-1139-43D4-963D-A4E29D902C8C}.Debug|Any CPU.ActiveCfg = Debug|Any CPU
		{92F84139-1139-43D4-963D-A4E29D902C8C}.Debug|Any CPU.Build.0 = Debug|Any CPU
		{92F84139-1139-43D4-963D-A4E29D902C8C}.Release|Any CPU.ActiveCfg = Release|Any CPU
		{92F84139-1139-43D4-963D-A4E29D902C8C}.Release|Any CPU.Build.0 = Release|Any CPU
		{51C3C102-5BB2-4C10-9430-A7E61AC9CC5F}.Debug|Any CPU.ActiveCfg = Debug|Any CPU
		{51C3C102-5BB2-4C10-9430-A7E61AC9CC5F}.Debug|Any CPU.Build.0 = Debug|Any CPU
		{51C3C102-5BB2-4C10-9430-A7E61AC9CC5F}.Release|Any CPU.ActiveCfg = Release|Any CPU
		{51C3C102-5BB2-4C10-9430-A7E61AC9CC5F}.Release|Any CPU.Build.0 = Release|Any CPU
	EndGlobalSection
	GlobalSection(SolutionProperties) = preSolution
		HideSolutionNode = FALSE
	EndGlobalSection
	GlobalSection(ExtensibilityGlobals) = postSolution
		SolutionGuid = {22A75822-3C36-4529-B369-1F5A7653AD59}
	EndGlobalSection
EndGlobal
