
Microsoft Visual Studio Solution File, Format Version 12.00
# Visual Studio Version 17
VisualStudioVersion = 17.4.33213.308
MinimumVisualStudioVersion = 10.0.40219.1
Project("{FAE04EC0-301F-11D3-BF4B-00C04F79EFBC}") = "CalculateArea", "CalculateArea\CalculateArea.csproj", "{6764DB75-045A-462A-896D-E7150A08DE85}"
EndProject
Project("{FAE04EC0-301F-11D3-BF4B-00C04F79EFBC}") = "GravityCalculator", "GravityCalculator\GravityCalculator.csproj", "{21B4C2ED-21D7-4F86-9A72-FCAD10DE578E}"
EndProject
Project("{9A19103F-16F7-4668-BE54-9A1E7A4F7556}") = "SumAverageRunningInt", "SumAverageRunningInt\SumAverageRunningInt.csproj", "{3A626440-B412-47F6-A2D2-2330B1840FD6}"
EndProject
Project("{FAE04EC0-301F-11D3-BF4B-00C04F79EFBC}") = "Exercise 1", "Exercise 1\Exercise 1.csproj", "{9C8CF48A-9DC5-4007-B6A4-71434F6E7052}"
EndProject
Project("{FAE04EC0-301F-11D3-BF4B-00C04F79EFBC}") = "Exercise 2", "Exercise 2\Exercise 2.csproj", "{B54BCEE2-BC5C-4D19-B788-2FA68DCFF5F3}"
EndProject
Project("{FAE04EC0-301F-11D3-BF4B-00C04F79EFBC}") = "Exercise 4", "Exercise 4\Exercise 4.csproj", "{C15A2FA7-1523-4C8A-886A-1211283EBFDF}"
EndProject
Project("{FAE04EC0-301F-11D3-BF4B-00C04F79EFBC}") = "Exercise 5", "Exercise 5\Exercise 5.csproj", "{72FD2769-FAF8-4BBC-A27F-5B774EE9A7B0}"
EndProject
Project("{FAE04EC0-301F-11D3-BF4B-00C04F79EFBC}") = "Exercise 6", "Exercise 6\Exercise 6.csproj", "{B67D915E-6557-44BE-8F5B-EE5E74C88CAE}"
EndProject
Global
	GlobalSection(SolutionConfigurationPlatforms) = preSolution
		Debug|Any CPU = Debug|Any CPU
		Release|Any CPU = Release|Any CPU
	EndGlobalSection
	GlobalSection(ProjectConfigurationPlatforms) = postSolution
		{6764DB75-045A-462A-896D-E7150A08DE85}.Debug|Any CPU.ActiveCfg = Debug|Any CPU
		{6764DB75-045A-462A-896D-E7150A08DE85}.Debug|Any CPU.Build.0 = Debug|Any CPU
		{6764DB75-045A-462A-896D-E7150A08DE85}.Release|Any CPU.ActiveCfg = Release|Any CPU
		{6764DB75-045A-462A-896D-E7150A08DE85}.Release|Any CPU.Build.0 = Release|Any CPU
		{21B4C2ED-21D7-4F86-9A72-FCAD10DE578E}.Debug|Any CPU.ActiveCfg = Debug|Any CPU
		{21B4C2ED-21D7-4F86-9A72-FCAD10DE578E}.Debug|Any CPU.Build.0 = Debug|Any CPU
		{21B4C2ED-21D7-4F86-9A72-FCAD10DE578E}.Release|Any CPU.ActiveCfg = Release|Any CPU
		{21B4C2ED-21D7-4F86-9A72-FCAD10DE578E}.Release|Any CPU.Build.0 = Release|Any CPU
		{3A626440-B412-47F6-A2D2-2330B1840FD6}.Debug|Any CPU.ActiveCfg = Debug|Any CPU
		{3A626440-B412-47F6-A2D2-2330B1840FD6}.Debug|Any CPU.Build.0 = Debug|Any CPU
		{3A626440-B412-47F6-A2D2-2330B1840FD6}.Release|Any CPU.ActiveCfg = Release|Any CPU
		{3A626440-B412-47F6-A2D2-2330B1840FD6}.Release|Any CPU.Build.0 = Release|Any CPU
		{9C8CF48A-9DC5-4007-B6A4-71434F6E7052}.Debug|Any CPU.ActiveCfg = Debug|Any CPU
		{9C8CF48A-9DC5-4007-B6A4-71434F6E7052}.Debug|Any CPU.Build.0 = Debug|Any CPU
		{9C8CF48A-9DC5-4007-B6A4-71434F6E7052}.Release|Any CPU.ActiveCfg = Release|Any CPU
		{9C8CF48A-9DC5-4007-B6A4-71434F6E7052}.Release|Any CPU.Build.0 = Release|Any CPU
		{B54BCEE2-BC5C-4D19-B788-2FA68DCFF5F3}.Debug|Any CPU.ActiveCfg = Debug|Any CPU
		{B54BCEE2-BC5C-4D19-B788-2FA68DCFF5F3}.Debug|Any CPU.Build.0 = Debug|Any CPU
		{B54BCEE2-BC5C-4D19-B788-2FA68DCFF5F3}.Release|Any CPU.ActiveCfg = Release|Any CPU
		{B54BCEE2-BC5C-4D19-B788-2FA68DCFF5F3}.Release|Any CPU.Build.0 = Release|Any CPU
		{C15A2FA7-1523-4C8A-886A-1211283EBFDF}.Debug|Any CPU.ActiveCfg = Debug|Any CPU
		{C15A2FA7-1523-4C8A-886A-1211283EBFDF}.Debug|Any CPU.Build.0 = Debug|Any CPU
		{C15A2FA7-1523-4C8A-886A-1211283EBFDF}.Release|Any CPU.ActiveCfg = Release|Any CPU
		{C15A2FA7-1523-4C8A-886A-1211283EBFDF}.Release|Any CPU.Build.0 = Release|Any CPU
		{72FD2769-FAF8-4BBC-A27F-5B774EE9A7B0}.Debug|Any CPU.ActiveCfg = Debug|Any CPU
		{72FD2769-FAF8-4BBC-A27F-5B774EE9A7B0}.Debug|Any CPU.Build.0 = Debug|Any CPU
		{72FD2769-FAF8-4BBC-A27F-5B774EE9A7B0}.Release|Any CPU.ActiveCfg = Release|Any CPU
		{72FD2769-FAF8-4BBC-A27F-5B774EE9A7B0}.Release|Any CPU.Build.0 = Release|Any CPU
		{B67D915E-6557-44BE-8F5B-EE5E74C88CAE}.Debug|Any CPU.ActiveCfg = Debug|Any CPU
		{B67D915E-6557-44BE-8F5B-EE5E74C88CAE}.Debug|Any CPU.Build.0 = Debug|Any CPU
		{B67D915E-6557-44BE-8F5B-EE5E74C88CAE}.Release|Any CPU.ActiveCfg = Release|Any CPU
		{B67D915E-6557-44BE-8F5B-EE5E74C88CAE}.Release|Any CPU.Build.0 = Release|Any CPU
	EndGlobalSection
	GlobalSection(SolutionProperties) = preSolution
		HideSolutionNode = FALSE
	EndGlobalSection
	GlobalSection(ExtensibilityGlobals) = postSolution
		SolutionGuid = {22A75822-3C36-4529-B369-1F5A7653AD59}
	EndGlobalSection
EndGlobal
